// !$*UTF8*$!
{
	archiveVersion = 1;
	classes = {
	};
	objectVersion = 50;
	objects = {

/* Begin PBXBuildFile section */
		281B2DBC260441BE0022458A /* ErrorExtension.swift in Sources */ = {isa = PBXBuildFile; fileRef = 281B2DBB260441BE0022458A /* ErrorExtension.swift */; };
		281B2DBF260442C80022458A /* EventError.swift in Sources */ = {isa = PBXBuildFile; fileRef = 281B2DBE260442C80022458A /* EventError.swift */; };
		28CE517926012C4200109E5A /* AppDelegate.swift in Sources */ = {isa = PBXBuildFile; fileRef = 28CE517826012C4200109E5A /* AppDelegate.swift */; };
		28CE517B26012C4200109E5A /* SceneDelegate.swift in Sources */ = {isa = PBXBuildFile; fileRef = 28CE517A26012C4200109E5A /* SceneDelegate.swift */; };
		28CE518026012C4200109E5A /* Main.storyboard in Resources */ = {isa = PBXBuildFile; fileRef = 28CE517E26012C4200109E5A /* Main.storyboard */; };
		28CE518226012C4600109E5A /* Assets.xcassets in Resources */ = {isa = PBXBuildFile; fileRef = 28CE518126012C4600109E5A /* Assets.xcassets */; };
		28CE518526012C4600109E5A /* LaunchScreen.storyboard in Resources */ = {isa = PBXBuildFile; fileRef = 28CE518326012C4600109E5A /* LaunchScreen.storyboard */; };
		28CE519226012CBD00109E5A /* Event.swift in Sources */ = {isa = PBXBuildFile; fileRef = 28CE519126012CBD00109E5A /* Event.swift */; };
		28CE51C62602728300109E5A /* EventTableViewCell.swift in Sources */ = {isa = PBXBuildFile; fileRef = 28CE51C52602728300109E5A /* EventTableViewCell.swift */; };
		28CE51EF26040C0A00109E5A /* EventTableViewController.swift in Sources */ = {isa = PBXBuildFile; fileRef = 28CE51EE26040C0A00109E5A /* EventTableViewController.swift */; };
		28CE51F22604229E00109E5A /* EventController.swift in Sources */ = {isa = PBXBuildFile; fileRef = 28CE51F12604229E00109E5A /* EventController.swift */; };
/* End PBXBuildFile section */

/* Begin PBXFileReference section */
		281B2DBB260441BE0022458A /* ErrorExtension.swift */ = {isa = PBXFileReference; lastKnownFileType = sourcecode.swift; path = ErrorExtension.swift; sourceTree = "<group>"; };
		281B2DBE260442C80022458A /* EventError.swift */ = {isa = PBXFileReference; lastKnownFileType = sourcecode.swift; path = EventError.swift; sourceTree = "<group>"; };
		28CE517526012C4200109E5A /* FetchRewards Coding Exercise.app */ = {isa = PBXFileReference; explicitFileType = wrapper.application; includeInIndex = 0; path = "FetchRewards Coding Exercise.app"; sourceTree = BUILT_PRODUCTS_DIR; };
		28CE517826012C4200109E5A /* AppDelegate.swift */ = {isa = PBXFileReference; lastKnownFileType = sourcecode.swift; path = AppDelegate.swift; sourceTree = "<group>"; };
		28CE517A26012C4200109E5A /* SceneDelegate.swift */ = {isa = PBXFileReference; lastKnownFileType = sourcecode.swift; path = SceneDelegate.swift; sourceTree = "<group>"; };
		28CE517F26012C4200109E5A /* Base */ = {isa = PBXFileReference; lastKnownFileType = file.storyboard; name = Base; path = Base.lproj/Main.storyboard; sourceTree = "<group>"; };
		28CE518126012C4600109E5A /* Assets.xcassets */ = {isa = PBXFileReference; lastKnownFileType = folder.assetcatalog; path = Assets.xcassets; sourceTree = "<group>"; };
		28CE518426012C4600109E5A /* Base */ = {isa = PBXFileReference; lastKnownFileType = file.storyboard; name = Base; path = Base.lproj/LaunchScreen.storyboard; sourceTree = "<group>"; };
		28CE518626012C4600109E5A /* Info.plist */ = {isa = PBXFileReference; lastKnownFileType = text.plist.xml; path = Info.plist; sourceTree = "<group>"; };
		28CE519126012CBD00109E5A /* Event.swift */ = {isa = PBXFileReference; lastKnownFileType = sourcecode.swift; path = Event.swift; sourceTree = "<group>"; };
		28CE51C52602728300109E5A /* EventTableViewCell.swift */ = {isa = PBXFileReference; lastKnownFileType = sourcecode.swift; path = EventTableViewCell.swift; sourceTree = "<group>"; };
		28CE51EE26040C0A00109E5A /* EventTableViewController.swift */ = {isa = PBXFileReference; lastKnownFileType = sourcecode.swift; path = EventTableViewController.swift; sourceTree = "<group>"; };
		28CE51F12604229E00109E5A /* EventController.swift */ = {isa = PBXFileReference; lastKnownFileType = sourcecode.swift; path = EventController.swift; sourceTree = "<group>"; };
/* End PBXFileReference section */

/* Begin PBXFrameworksBuildPhase section */
		28CE517226012C4200109E5A /* Frameworks */ = {
			isa = PBXFrameworksBuildPhase;
			buildActionMask = 2147483647;
			files = (
			);
			runOnlyForDeploymentPostprocessing = 0;
		};
/* End PBXFrameworksBuildPhase section */

/* Begin PBXGroup section */
		281B2DBA2604419E0022458A /* Helper */ = {
			isa = PBXGroup;
			children = (
				281B2DBB260441BE0022458A /* ErrorExtension.swift */,
				281B2DBE260442C80022458A /* EventError.swift */,
			);
			path = Helper;
			sourceTree = "<group>";
		};
		28CE516C26012C4200109E5A = {
			isa = PBXGroup;
			children = (
				28CE517726012C4200109E5A /* FetchRewards Coding Exercise */,
				28CE517626012C4200109E5A /* Products */,
			);
			sourceTree = "<group>";
		};
		28CE517626012C4200109E5A /* Products */ = {
			isa = PBXGroup;
			children = (
				28CE517526012C4200109E5A /* FetchRewards Coding Exercise.app */,
			);
			name = Products;
			sourceTree = "<group>";
		};
		28CE517726012C4200109E5A /* FetchRewards Coding Exercise */ = {
			isa = PBXGroup;
			children = (
				281B2DBA2604419E0022458A /* Helper */,
				28CE518E26012C7D00109E5A /* Models */,
				28CE518F26012C9000109E5A /* Views */,
				28CE519026012C9A00109E5A /* Controllers */,
				28CE518D26012C6600109E5A /* Resources */,
				28CE517E26012C4200109E5A /* Main.storyboard */,
				28CE518326012C4600109E5A /* LaunchScreen.storyboard */,
			);
			path = "FetchRewards Coding Exercise";
			sourceTree = "<group>";
		};
		28CE518D26012C6600109E5A /* Resources */ = {
			isa = PBXGroup;
			children = (
				28CE517826012C4200109E5A /* AppDelegate.swift */,
				28CE517A26012C4200109E5A /* SceneDelegate.swift */,
				28CE518126012C4600109E5A /* Assets.xcassets */,
				28CE518626012C4600109E5A /* Info.plist */,
			);
			path = Resources;
			sourceTree = "<group>";
		};
		28CE518E26012C7D00109E5A /* Models */ = {
			isa = PBXGroup;
			children = (
				28CE519126012CBD00109E5A /* Event.swift */,
			);
			path = Models;
			sourceTree = "<group>";
		};
		28CE518F26012C9000109E5A /* Views */ = {
			isa = PBXGroup;
			children = (
				28CE51C42602725500109E5A /* Custom Views */,
			);
			path = Views;
			sourceTree = "<group>";
		};
		28CE519026012C9A00109E5A /* Controllers */ = {
			isa = PBXGroup;
			children = (
				28CE51CA2602739E00109E5A /* Model Controllers */,
				28CE51C92602738900109E5A /* View Controllers */,
			);
			path = Controllers;
			sourceTree = "<group>";
		};
		28CE51C42602725500109E5A /* Custom Views */ = {
			isa = PBXGroup;
			children = (
				28CE51C52602728300109E5A /* EventTableViewCell.swift */,
			);
			path = "Custom Views";
			sourceTree = "<group>";
		};
		28CE51C92602738900109E5A /* View Controllers */ = {
			isa = PBXGroup;
			children = (
				28CE51EE26040C0A00109E5A /* EventTableViewController.swift */,
			);
			path = "View Controllers";
			sourceTree = "<group>";
		};
		28CE51CA2602739E00109E5A /* Model Controllers */ = {
			isa = PBXGroup;
			children = (
				28CE51F12604229E00109E5A /* EventController.swift */,
			);
			path = "Model Controllers";
			sourceTree = "<group>";
		};
/* End PBXGroup section */

/* Begin PBXNativeTarget section */
		28CE517426012C4200109E5A /* FetchRewards Coding Exercise */ = {
			isa = PBXNativeTarget;
			buildConfigurationList = 28CE518926012C4600109E5A /* Build configuration list for PBXNativeTarget "FetchRewards Coding Exercise" */;
			buildPhases = (
				28CE517126012C4200109E5A /* Sources */,
				28CE517226012C4200109E5A /* Frameworks */,
				28CE517326012C4200109E5A /* Resources */,
			);
			buildRules = (
			);
			dependencies = (
			);
			name = "FetchRewards Coding Exercise";
			productName = "FetchRewards Coding Exercise";
			productReference = 28CE517526012C4200109E5A /* FetchRewards Coding Exercise.app */;
			productType = "com.apple.product-type.application";
		};
/* End PBXNativeTarget section */

/* Begin PBXProject section */
		28CE516D26012C4200109E5A /* Project object */ = {
			isa = PBXProject;
			attributes = {
				LastSwiftUpdateCheck = 1240;
				LastUpgradeCheck = 1240;
				TargetAttributes = {
					28CE517426012C4200109E5A = {
						CreatedOnToolsVersion = 12.4;
					};
				};
			};
			buildConfigurationList = 28CE517026012C4200109E5A /* Build configuration list for PBXProject "FetchRewards Coding Exercise" */;
			compatibilityVersion = "Xcode 9.3";
			developmentRegion = en;
			hasScannedForEncodings = 0;
			knownRegions = (
				en,
				Base,
			);
			mainGroup = 28CE516C26012C4200109E5A;
			productRefGroup = 28CE517626012C4200109E5A /* Products */;
			projectDirPath = "";
			projectRoot = "";
			targets = (
				28CE517426012C4200109E5A /* FetchRewards Coding Exercise */,
			);
		};
/* End PBXProject section */

/* Begin PBXResourcesBuildPhase section */
		28CE517326012C4200109E5A /* Resources */ = {
			isa = PBXResourcesBuildPhase;
			buildActionMask = 2147483647;
			files = (
				28CE518526012C4600109E5A /* LaunchScreen.storyboard in Resources */,
				28CE518226012C4600109E5A /* Assets.xcassets in Resources */,
				28CE518026012C4200109E5A /* Main.storyboard in Resources */,
			);
			runOnlyForDeploymentPostprocessing = 0;
		};
/* End PBXResourcesBuildPhase section */

/* Begin PBXSourcesBuildPhase section */
		28CE517126012C4200109E5A /* Sources */ = {
			isa = PBXSourcesBuildPhase;
			buildActionMask = 2147483647;
			files = (
				28CE51F22604229E00109E5A /* EventController.swift in Sources */,
				28CE519226012CBD00109E5A /* Event.swift in Sources */,
				281B2DBC260441BE0022458A /* ErrorExtension.swift in Sources */,
				28CE517926012C4200109E5A /* AppDelegate.swift in Sources */,
				28CE51C62602728300109E5A /* EventTableViewCell.swift in Sources */,
				28CE517B26012C4200109E5A /* SceneDelegate.swift in Sources */,
				28CE51EF26040C0A00109E5A /* EventTableViewController.swift in Sources */,
				281B2DBF260442C80022458A /* EventError.swift in Sources */,
			);
			runOnlyForDeploymentPostprocessing = 0;
		};
/* End PBXSourcesBuildPhase section */

/* Begin PBXVariantGroup section */
		28CE517E26012C4200109E5A /* Main.storyboard */ = {
			isa = PBXVariantGroup;
			children = (
				28CE517F26012C4200109E5A /* Base */,
			);
			name = Main.storyboard;
			sourceTree = "<group>";
		};
		28CE518326012C4600109E5A /* LaunchScreen.storyboard */ = {
			isa = PBXVariantGroup;
			children = (
				28CE518426012C4600109E5A /* Base */,
			);
			name = LaunchScreen.storyboard;
			sourceTree = "<group>";
		};
/* End PBXVariantGroup section */

/* Begin XCBuildConfiguration section */
		28CE518726012C4600109E5A /* Debug */ = {
			isa = XCBuildConfiguration;
			buildSettings = {
				ALWAYS_SEARCH_USER_PATHS = NO;
				CLANG_ANALYZER_NONNULL = YES;
				CLANG_ANALYZER_NUMBER_OBJECT_CONVERSION = YES_AGGRESSIVE;
				CLANG_CXX_LANGUAGE_STANDARD = "gnu++14";
				CLANG_CXX_LIBRARY = "libc++";
				CLANG_ENABLE_MODULES = YES;
				CLANG_ENABLE_OBJC_ARC = YES;
				CLANG_ENABLE_OBJC_WEAK = YES;
				CLANG_WARN_BLOCK_CAPTURE_AUTORELEASING = YES;
				CLANG_WARN_BOOL_CONVERSION = YES;
				CLANG_WARN_COMMA = YES;
				CLANG_WARN_CONSTANT_CONVERSION = YES;
				CLANG_WARN_DEPRECATED_OBJC_IMPLEMENTATIONS = YES;
				CLANG_WARN_DIRECT_OBJC_ISA_USAGE = YES_ERROR;
				CLANG_WARN_DOCUMENTATION_COMMENTS = YES;
				CLANG_WARN_EMPTY_BODY = YES;
				CLANG_WARN_ENUM_CONVERSION = YES;
				CLANG_WARN_INFINITE_RECURSION = YES;
				CLANG_WARN_INT_CONVERSION = YES;
				CLANG_WARN_NON_LITERAL_NULL_CONVERSION = YES;
				CLANG_WARN_OBJC_IMPLICIT_RETAIN_SELF = YES;
				CLANG_WARN_OBJC_LITERAL_CONVERSION = YES;
				CLANG_WARN_OBJC_ROOT_CLASS = YES_ERROR;
				CLANG_WARN_QUOTED_INCLUDE_IN_FRAMEWORK_HEADER = YES;
				CLANG_WARN_RANGE_LOOP_ANALYSIS = YES;
				CLANG_WARN_STRICT_PROTOTYPES = YES;
				CLANG_WARN_SUSPICIOUS_MOVE = YES;
				CLANG_WARN_UNGUARDED_AVAILABILITY = YES_AGGRESSIVE;
				CLANG_WARN_UNREACHABLE_CODE = YES;
				CLANG_WARN__DUPLICATE_METHOD_MATCH = YES;
				COPY_PHASE_STRIP = NO;
				DEBUG_INFORMATION_FORMAT = dwarf;
				ENABLE_STRICT_OBJC_MSGSEND = YES;
				ENABLE_TESTABILITY = YES;
				GCC_C_LANGUAGE_STANDARD = gnu11;
				GCC_DYNAMIC_NO_PIC = NO;
				GCC_NO_COMMON_BLOCKS = YES;
				GCC_OPTIMIZATION_LEVEL = 0;
				GCC_PREPROCESSOR_DEFINITIONS = (
					"DEBUG=1",
					"$(inherited)",
				);
				GCC_WARN_64_TO_32_BIT_CONVERSION = YES;
				GCC_WARN_ABOUT_RETURN_TYPE = YES_ERROR;
				GCC_WARN_UNDECLARED_SELECTOR = YES;
				GCC_WARN_UNINITIALIZED_AUTOS = YES_AGGRESSIVE;
				GCC_WARN_UNUSED_FUNCTION = YES;
				GCC_WARN_UNUSED_VARIABLE = YES;
				IPHONEOS_DEPLOYMENT_TARGET = 14.4;
				MTL_ENABLE_DEBUG_INFO = INCLUDE_SOURCE;
				MTL_FAST_MATH = YES;
				ONLY_ACTIVE_ARCH = YES;
				SDKROOT = iphoneos;
				SWIFT_ACTIVE_COMPILATION_CONDITIONS = DEBUG;
				SWIFT_OPTIMIZATION_LEVEL = "-Onone";
			};
			name = Debug;
		};
		28CE518826012C4600109E5A /* Release */ = {
			isa = XCBuildConfiguration;
			buildSettings = {
				ALWAYS_SEARCH_USER_PATHS = NO;
				CLANG_ANALYZER_NONNULL = YES;
				CLANG_ANALYZER_NUMBER_OBJECT_CONVERSION = YES_AGGRESSIVE;
				CLANG_CXX_LANGUAGE_STANDARD = "gnu++14";
				CLANG_CXX_LIBRARY = "libc++";
				CLANG_ENABLE_MODULES = YES;
				CLANG_ENABLE_OBJC_ARC = YES;
				CLANG_ENABLE_OBJC_WEAK = YES;
				CLANG_WARN_BLOCK_CAPTURE_AUTORELEASING = YES;
				CLANG_WARN_BOOL_CONVERSION = YES;
				CLANG_WARN_COMMA = YES;
				CLANG_WARN_CONSTANT_CONVERSION = YES;
				CLANG_WARN_DEPRECATED_OBJC_IMPLEMENTATIONS = YES;
				CLANG_WARN_DIRECT_OBJC_ISA_USAGE = YES_ERROR;
				CLANG_WARN_DOCUMENTATION_COMMENTS = YES;
				CLANG_WARN_EMPTY_BODY = YES;
				CLANG_WARN_ENUM_CONVERSION = YES;
				CLANG_WARN_INFINITE_RECURSION = YES;
				CLANG_WARN_INT_CONVERSION = YES;
				CLANG_WARN_NON_LITERAL_NULL_CONVERSION = YES;
				CLANG_WARN_OBJC_IMPLICIT_RETAIN_SELF = YES;
				CLANG_WARN_OBJC_LITERAL_CONVERSION = YES;
				CLANG_WARN_OBJC_ROOT_CLASS = YES_ERROR;
				CLANG_WARN_QUOTED_INCLUDE_IN_FRAMEWORK_HEADER = YES;
				CLANG_WARN_RANGE_LOOP_ANALYSIS = YES;
				CLANG_WARN_STRICT_PROTOTYPES = YES;
				CLANG_WARN_SUSPICIOUS_MOVE = YES;
				CLANG_WARN_UNGUARDED_AVAILABILITY = YES_AGGRESSIVE;
				CLANG_WARN_UNREACHABLE_CODE = YES;
				CLANG_WARN__DUPLICATE_METHOD_MATCH = YES;
				COPY_PHASE_STRIP = NO;
				DEBUG_INFORMATION_FORMAT = "dwarf-with-dsym";
				ENABLE_NS_ASSERTIONS = NO;
				ENABLE_STRICT_OBJC_MSGSEND = YES;
				GCC_C_LANGUAGE_STANDARD = gnu11;
				GCC_NO_COMMON_BLOCKS = YES;
				GCC_WARN_64_TO_32_BIT_CONVERSION = YES;
				GCC_WARN_ABOUT_RETURN_TYPE = YES_ERROR;
				GCC_WARN_UNDECLARED_SELECTOR = YES;
				GCC_WARN_UNINITIALIZED_AUTOS = YES_AGGRESSIVE;
				GCC_WARN_UNUSED_FUNCTION = YES;
				GCC_WARN_UNUSED_VARIABLE = YES;
				IPHONEOS_DEPLOYMENT_TARGET = 14.4;
				MTL_ENABLE_DEBUG_INFO = NO;
				MTL_FAST_MATH = YES;
				SDKROOT = iphoneos;
				SWIFT_COMPILATION_MODE = wholemodule;
				SWIFT_OPTIMIZATION_LEVEL = "-O";
				VALIDATE_PRODUCT = YES;
			};
			name = Release;
		};
		28CE518A26012C4600109E5A /* Debug */ = {
			isa = XCBuildConfiguration;
			buildSettings = {
				ASSETCATALOG_COMPILER_APPICON_NAME = AppIcon;
				ASSETCATALOG_COMPILER_GLOBAL_ACCENT_COLOR_NAME = AccentColor;
				CODE_SIGN_STYLE = Automatic;
				DEVELOPMENT_TEAM = 9YR5S5ZW3K;
				INFOPLIST_FILE = "$(SRCROOT)/FetchRewards Coding Exercise/Resources/Info.plist";
				LD_RUNPATH_SEARCH_PATHS = (
					"$(inherited)",
					"@executable_path/Frameworks",
				);
				PRODUCT_BUNDLE_IDENTIFIER = "com.boleky.FetchRewards-Coding-Exercise";
				PRODUCT_NAME = "$(TARGET_NAME)";
				SWIFT_VERSION = 5.0;
				TARGETED_DEVICE_FAMILY = "1,2";
			};
			name = Debug;
		};
		28CE518B26012C4600109E5A /* Release */ = {
			isa = XCBuildConfiguration;
			buildSettings = {
				ASSETCATALOG_COMPILER_APPICON_NAME = AppIcon;
				ASSETCATALOG_COMPILER_GLOBAL_ACCENT_COLOR_NAME = AccentColor;
				CODE_SIGN_STYLE = Automatic;
				DEVELOPMENT_TEAM = 9YR5S5ZW3K;
				INFOPLIST_FILE = "$(SRCROOT)/FetchRewards Coding Exercise/Resources/Info.plist";
				LD_RUNPATH_SEARCH_PATHS = (
					"$(inherited)",
					"@executable_path/Frameworks",
				);
				PRODUCT_BUNDLE_IDENTIFIER = "com.boleky.FetchRewards-Coding-Exercise";
				PRODUCT_NAME = "$(TARGET_NAME)";
				SWIFT_VERSION = 5.0;
				TARGETED_DEVICE_FAMILY = "1,2";
			};
			name = Release;
		};
/* End XCBuildConfiguration section */

/* Begin XCConfigurationList section */
		28CE517026012C4200109E5A /* Build configuration list for PBXProject "FetchRewards Coding Exercise" */ = {
			isa = XCConfigurationList;
			buildConfigurations = (
				28CE518726012C4600109E5A /* Debug */,
				28CE518826012C4600109E5A /* Release */,
			);
			defaultConfigurationIsVisible = 0;
			defaultConfigurationName = Release;
		};
		28CE518926012C4600109E5A /* Build configuration list for PBXNativeTarget "FetchRewards Coding Exercise" */ = {
			isa = XCConfigurationList;
			buildConfigurations = (
				28CE518A26012C4600109E5A /* Debug */,
				28CE518B26012C4600109E5A /* Release */,
			);
			defaultConfigurationIsVisible = 0;
			defaultConfigurationName = Release;
		};
/* End XCConfigurationList section */
	};
	rootObject = 28CE516D26012C4200109E5A /* Project object */;
}
